
Microsoft Visual Studio Solution File, Format Version 12.00
# Visual Studio 15
VisualStudioVersion = 15.0.28307.489
MinimumVisualStudioVersion = 10.0.40219.1
Project("{FAE04EC0-301F-11D3-BF4B-00C04F79EFBC}") = "MusicDatabase", "MusicDatabase\MusicDatabase.csproj", "{820D83AC-6156-43B3-8BCF-70602F3DB958}"
EndProject
Global
	GlobalSection(SolutionConfigurationPlatforms) = preSolution
		Debug|Any CPU = Debug|Any CPU
		Release|Any CPU = Release|Any CPU
	EndGlobalSection
	GlobalSection(ProjectConfigurationPlatforms) = postSolution
		{820D83AC-6156-43B3-8BCF-70602F3DB958}.Debug|Any CPU.ActiveCfg = Debug|Any CPU
		{820D83AC-6156-43B3-8BCF-70602F3DB958}.Debug|Any CPU.Build.0 = Debug|Any CPU
		{820D83AC-6156-43B3-8BCF-70602F3DB958}.Release|Any CPU.ActiveCfg = Release|Any CPU
		{820D83AC-6156-43B3-8BCF-70602F3DB958}.Release|Any CPU.Build.0 = Release|Any CPU
	EndGlobalSection
	GlobalSection(SolutionProperties) = preSolution
		HideSolutionNode = FALSE
	EndGlobalSection
	GlobalSection(ExtensibilityGlobals) = postSolution
		SolutionGuid = {7D99A6C1-5EB8-4A71-A9DC-64CA3C18B27C}
	EndGlobalSection
EndGlobal
